
Microsoft Visual Studio Solution File, Format Version 12.00
# Visual Studio Version 17
VisualStudioVersion = 17.1.32228.430
MinimumVisualStudioVersion = 10.0.40219.1
Project("{2150E333-8FDC-42A3-9474-1A3956D46DE8}") = "Services", "Services", "{18097123-4B8B-496D-A795-AFE048E74C73}"
EndProject
Project("{9A19103F-16F7-4668-BE54-9A1E7A4F7556}") = "GeekShopping.ProductApi", "GeekShopping.ProductApi\GeekShopping.ProductApi.csproj", "{B2F2A2A8-8145-4D6B-B167-112FC11D7530}"
EndProject
Project("{FAE04EC0-301F-11D3-BF4B-00C04F79EFBC}") = "GeekShopping.IdentityServer", "GeekShopping.IdentityServer\GeekShopping.IdentityServer.csproj", "{77CF508F-7809-4520-B344-5371D7B7C0B7}"
EndProject
Global
	GlobalSection(SolutionConfigurationPlatforms) = preSolution
		Debug|Any CPU = Debug|Any CPU
		Release|Any CPU = Release|Any CPU
	EndGlobalSection
	GlobalSection(ProjectConfigurationPlatforms) = postSolution
		{B2F2A2A8-8145-4D6B-B167-112FC11D7530}.Debug|Any CPU.ActiveCfg = Debug|Any CPU
		{B2F2A2A8-8145-4D6B-B167-112FC11D7530}.Debug|Any CPU.Build.0 = Debug|Any CPU
		{B2F2A2A8-8145-4D6B-B167-112FC11D7530}.Release|Any CPU.ActiveCfg = Release|Any CPU
		{B2F2A2A8-8145-4D6B-B167-112FC11D7530}.Release|Any CPU.Build.0 = Release|Any CPU
		{77CF508F-7809-4520-B344-5371D7B7C0B7}.Debug|Any CPU.ActiveCfg = Debug|Any CPU
		{77CF508F-7809-4520-B344-5371D7B7C0B7}.Debug|Any CPU.Build.0 = Debug|Any CPU
		{77CF508F-7809-4520-B344-5371D7B7C0B7}.Release|Any CPU.ActiveCfg = Release|Any CPU
		{77CF508F-7809-4520-B344-5371D7B7C0B7}.Release|Any CPU.Build.0 = Release|Any CPU
	EndGlobalSection
	GlobalSection(SolutionProperties) = preSolution
		HideSolutionNode = FALSE
	EndGlobalSection
	GlobalSection(NestedProjects) = preSolution
		{B2F2A2A8-8145-4D6B-B167-112FC11D7530} = {18097123-4B8B-496D-A795-AFE048E74C73}
		{77CF508F-7809-4520-B344-5371D7B7C0B7} = {18097123-4B8B-496D-A795-AFE048E74C73}
	EndGlobalSection
	GlobalSection(ExtensibilityGlobals) = postSolution
		SolutionGuid = {F8895A98-BB56-4DD0-89F3-625D068EDC27}
	EndGlobalSection
EndGlobal
